
Microsoft Visual Studio Solution File, Format Version 12.00
# Visual Studio Version 16
VisualStudioVersion = 16.0.29728.190
MinimumVisualStudioVersion = 15.0.26124.0
Project("{9A19103F-16F7-4668-BE54-9A1E7A4F7556}") = "pims.api", ".\api\pims.api.csproj", "{16BC0468-78F6-4C91-87DA-7403C919E646}"
EndProject
Project("{9A19103F-16F7-4668-BE54-9A1E7A4F7556}") = "pims.api.test", ".\test\pims.api.test.csproj", "{19A6829C-20D8-4F66-9889-55C553ACE2B2}"
EndProject
Project("{FAE04EC0-301F-11D3-BF4B-00C04F79EFBC}") = "pims.dal", ".\dal\pims.dal.csproj", "{6DFFF5E1-1B87-403B-99D0-A9E03D8A8EB3}"
EndProject
Global
	GlobalSection(SolutionConfigurationPlatforms) = preSolution
		Debug|Any CPU = Debug|Any CPU
		Debug|x64 = Debug|x64
		Debug|x86 = Debug|x86
		Release|Any CPU = Release|Any CPU
		Release|x64 = Release|x64
		Release|x86 = Release|x86
	EndGlobalSection
	GlobalSection(ProjectConfigurationPlatforms) = postSolution
		{16BC0468-78F6-4C91-87DA-7403C919E646}.Debug|Any CPU.ActiveCfg = Debug|Any CPU
		{16BC0468-78F6-4C91-87DA-7403C919E646}.Debug|Any CPU.Build.0 = Debug|Any CPU
		{16BC0468-78F6-4C91-87DA-7403C919E646}.Debug|x64.ActiveCfg = Debug|Any CPU
		{16BC0468-78F6-4C91-87DA-7403C919E646}.Debug|x64.Build.0 = Debug|Any CPU
		{16BC0468-78F6-4C91-87DA-7403C919E646}.Debug|x86.ActiveCfg = Debug|Any CPU
		{16BC0468-78F6-4C91-87DA-7403C919E646}.Debug|x86.Build.0 = Debug|Any CPU
		{16BC0468-78F6-4C91-87DA-7403C919E646}.Release|Any CPU.ActiveCfg = Release|Any CPU
		{16BC0468-78F6-4C91-87DA-7403C919E646}.Release|Any CPU.Build.0 = Release|Any CPU
		{16BC0468-78F6-4C91-87DA-7403C919E646}.Release|x64.ActiveCfg = Release|Any CPU
		{16BC0468-78F6-4C91-87DA-7403C919E646}.Release|x64.Build.0 = Release|Any CPU
		{16BC0468-78F6-4C91-87DA-7403C919E646}.Release|x86.ActiveCfg = Release|Any CPU
		{16BC0468-78F6-4C91-87DA-7403C919E646}.Release|x86.Build.0 = Release|Any CPU
		{19A6829C-20D8-4F66-9889-55C553ACE2B2}.Debug|Any CPU.ActiveCfg = Debug|Any CPU
		{19A6829C-20D8-4F66-9889-55C553ACE2B2}.Debug|Any CPU.Build.0 = Debug|Any CPU
		{19A6829C-20D8-4F66-9889-55C553ACE2B2}.Debug|x64.ActiveCfg = Debug|Any CPU
		{19A6829C-20D8-4F66-9889-55C553ACE2B2}.Debug|x64.Build.0 = Debug|Any CPU
		{19A6829C-20D8-4F66-9889-55C553ACE2B2}.Debug|x86.ActiveCfg = Debug|Any CPU
		{19A6829C-20D8-4F66-9889-55C553ACE2B2}.Debug|x86.Build.0 = Debug|Any CPU
		{19A6829C-20D8-4F66-9889-55C553ACE2B2}.Release|Any CPU.ActiveCfg = Release|Any CPU
		{19A6829C-20D8-4F66-9889-55C553ACE2B2}.Release|Any CPU.Build.0 = Release|Any CPU
		{19A6829C-20D8-4F66-9889-55C553ACE2B2}.Release|x64.ActiveCfg = Release|Any CPU
		{19A6829C-20D8-4F66-9889-55C553ACE2B2}.Release|x64.Build.0 = Release|Any CPU
		{19A6829C-20D8-4F66-9889-55C553ACE2B2}.Release|x86.ActiveCfg = Release|Any CPU
		{19A6829C-20D8-4F66-9889-55C553ACE2B2}.Release|x86.Build.0 = Release|Any CPU
		{6DFFF5E1-1B87-403B-99D0-A9E03D8A8EB3}.Debug|Any CPU.ActiveCfg = Debug|Any CPU
		{6DFFF5E1-1B87-403B-99D0-A9E03D8A8EB3}.Debug|Any CPU.Build.0 = Debug|Any CPU
		{6DFFF5E1-1B87-403B-99D0-A9E03D8A8EB3}.Debug|x64.ActiveCfg = Debug|Any CPU
		{6DFFF5E1-1B87-403B-99D0-A9E03D8A8EB3}.Debug|x64.Build.0 = Debug|Any CPU
		{6DFFF5E1-1B87-403B-99D0-A9E03D8A8EB3}.Debug|x86.ActiveCfg = Debug|Any CPU
		{6DFFF5E1-1B87-403B-99D0-A9E03D8A8EB3}.Debug|x86.Build.0 = Debug|Any CPU
		{6DFFF5E1-1B87-403B-99D0-A9E03D8A8EB3}.Release|Any CPU.ActiveCfg = Release|Any CPU
		{6DFFF5E1-1B87-403B-99D0-A9E03D8A8EB3}.Release|Any CPU.Build.0 = Release|Any CPU
		{6DFFF5E1-1B87-403B-99D0-A9E03D8A8EB3}.Release|x64.ActiveCfg = Release|Any CPU
		{6DFFF5E1-1B87-403B-99D0-A9E03D8A8EB3}.Release|x64.Build.0 = Release|Any CPU
		{6DFFF5E1-1B87-403B-99D0-A9E03D8A8EB3}.Release|x86.ActiveCfg = Release|Any CPU
		{6DFFF5E1-1B87-403B-99D0-A9E03D8A8EB3}.Release|x86.Build.0 = Release|Any CPU
	EndGlobalSection
	GlobalSection(SolutionProperties) = preSolution
		HideSolutionNode = FALSE
	EndGlobalSection
	GlobalSection(ExtensibilityGlobals) = postSolution
		SolutionGuid = {3433C5DD-DC49-4A96-A1AE-90C1A1EBA87C}
	EndGlobalSection
EndGlobal
