
Microsoft Visual Studio Solution File, Format Version 12.00
# Visual Studio Version 17
VisualStudioVersion = 17.5.33530.505
MinimumVisualStudioVersion = 15.0.26124.0
Project("{9A19103F-16F7-4668-BE54-9A1E7A4F7556}") = "Pims.Api", "api\Pims.Api.csproj", "{16BC0468-78F6-4C91-87DA-7403C919E646}"
EndProject
Project("{9A19103F-16F7-4668-BE54-9A1E7A4F7556}") = "Pims.Dal", "dal\Pims.Dal.csproj", "{6DFFF5E1-1B87-403B-99D0-A9E03D8A8EB3}"
EndProject
Project("{9A19103F-16F7-4668-BE54-9A1E7A4F7556}") = "Pims.Dal.Entities", "entities\Pims.Dal.Entities.csproj", "{1C724CD5-CD24-46CD-835A-A83F673F97B5}"
EndProject
Project("{9A19103F-16F7-4668-BE54-9A1E7A4F7556}") = "Pims.Keycloak", "keycloak\Pims.Keycloak.csproj", "{970903E9-BC53-436F-BA77-C62349546425}"
EndProject
Project("{9A19103F-16F7-4668-BE54-9A1E7A4F7556}") = "Pims.Core", "core\Pims.Core.csproj", "{AC8F04FF-3164-41FB-9EDF-E468B8B77837}"
EndProject
Project("{9A19103F-16F7-4668-BE54-9A1E7A4F7556}") = "Pims.Dal.Keycloak", "dal.keycloak\Pims.Dal.Keycloak.csproj", "{5697DD19-62CC-4377-ABA8-1E192376F4F6}"
EndProject
Project("{2150E333-8FDC-42A3-9474-1A3956D46DE8}") = "root", "root", "{8D3E4CB2-41D6-4AA6-B9E4-CFCAB0E2F5BC}"
	ProjectSection(SolutionItems) = preProject
		.dockerignore = .dockerignore
		.editorconfig = .editorconfig
		.gitignore = .gitignore
		Dockerfile = Dockerfile
		Dockerfile.bak = Dockerfile.bak
		entrypoint.sh = entrypoint.sh
		README.md = README.md
	EndProjectSection
EndProject
Project("{2150E333-8FDC-42A3-9474-1A3956D46DE8}") = "libraries", "libraries", "{5237F8A4-67F5-4751-B8B2-B93A06791480}"
EndProject
Project("{2150E333-8FDC-42A3-9474-1A3956D46DE8}") = "docs", "docs", "{A0343C94-486E-4A06-9A64-0584D20A4728}"
	ProjectSection(SolutionItems) = preProject
		docs\API.md = docs\API.md
		docs\DAL.md = docs\DAL.md
		docs\DATABASE.md = docs\DATABASE.md
		docs\GITHUB-ACTIONS.md = docs\GITHUB-ACTIONS.md
		docs\SETUP.md = docs\SETUP.md
		docs\TOOLS.md = docs\TOOLS.md
		docs\VERSIONING.md = docs\VERSIONING.md
	EndProjectSection
EndProject
Project("{2150E333-8FDC-42A3-9474-1A3956D46DE8}") = "tests", "tests", "{F256F2A5-0DBF-4137-A7D6-21F08111BD4A}"
EndProject
Project("{2150E333-8FDC-42A3-9474-1A3956D46DE8}") = "unit", "unit", "{3D70B211-74A8-484C-9B86-B0A2835C71E7}"
EndProject
Project("{9A19103F-16F7-4668-BE54-9A1E7A4F7556}") = "Pims.Api.Test", "tests\unit\api\Pims.Api.Test.csproj", "{1F4E301C-F03B-4A31-A6F2-6A77384A74DA}"
EndProject
Project("{9A19103F-16F7-4668-BE54-9A1E7A4F7556}") = "Pims.Dal.Test", "tests\unit\dal\Pims.Dal.Test.csproj", "{412BF533-2759-4FBE-B4C6-B89DB44FB6B5}"
EndProject
Project("{2150E333-8FDC-42A3-9474-1A3956D46DE8}") = "core", "core", "{04780892-FC30-4B6B-A10C-5795C657E574}"
EndProject
Project("{9A19103F-16F7-4668-BE54-9A1E7A4F7556}") = "Pims.Core.Test", "tests\core\Pims.Core.Test.csproj", "{5A83C636-741A-4795-8588-70F033E79B5A}"
EndProject
Project("{9A19103F-16F7-4668-BE54-9A1E7A4F7556}") = "Pims.Geocoder", "geocoder\Pims.Geocoder.csproj", "{BF7450E8-B3C5-46FB-BEC1-C5FC1C5964DC}"
EndProject
Project("{9A19103F-16F7-4668-BE54-9A1E7A4F7556}") = "Pims.Ches", "ches\Pims.Ches.csproj", "{08A82D74-0854-498F-9C74-E0A7242FE430}"
EndProject
Project("{9A19103F-16F7-4668-BE54-9A1E7A4F7556}") = "Pims.Notifications", "notifications\Pims.Notifications.csproj", "{3942CAF2-93CE-45BC-A734-3247D266ECE6}"
EndProject
Project("{FAE04EC0-301F-11D3-BF4B-00C04F79EFBC}") = "Pims.Ltsa", "ltsa\Pims.Ltsa.csproj", "{4DB543FF-19CF-4FA8-B772-2AE7E6721F86}"
EndProject
Global
	GlobalSection(SolutionConfigurationPlatforms) = preSolution
		Debug|Any CPU = Debug|Any CPU
		Debug|x64 = Debug|x64
		Debug|x86 = Debug|x86
		Release|Any CPU = Release|Any CPU
		Release|x64 = Release|x64
		Release|x86 = Release|x86
	EndGlobalSection
	GlobalSection(ProjectConfigurationPlatforms) = postSolution
		{16BC0468-78F6-4C91-87DA-7403C919E646}.Debug|Any CPU.ActiveCfg = Debug|Any CPU
		{16BC0468-78F6-4C91-87DA-7403C919E646}.Debug|Any CPU.Build.0 = Debug|Any CPU
		{16BC0468-78F6-4C91-87DA-7403C919E646}.Debug|x64.ActiveCfg = Debug|Any CPU
		{16BC0468-78F6-4C91-87DA-7403C919E646}.Debug|x64.Build.0 = Debug|Any CPU
		{16BC0468-78F6-4C91-87DA-7403C919E646}.Debug|x86.ActiveCfg = Debug|Any CPU
		{16BC0468-78F6-4C91-87DA-7403C919E646}.Debug|x86.Build.0 = Debug|Any CPU
		{16BC0468-78F6-4C91-87DA-7403C919E646}.Release|Any CPU.ActiveCfg = Release|Any CPU
		{16BC0468-78F6-4C91-87DA-7403C919E646}.Release|Any CPU.Build.0 = Release|Any CPU
		{16BC0468-78F6-4C91-87DA-7403C919E646}.Release|x64.ActiveCfg = Release|Any CPU
		{16BC0468-78F6-4C91-87DA-7403C919E646}.Release|x64.Build.0 = Release|Any CPU
		{16BC0468-78F6-4C91-87DA-7403C919E646}.Release|x86.ActiveCfg = Release|Any CPU
		{16BC0468-78F6-4C91-87DA-7403C919E646}.Release|x86.Build.0 = Release|Any CPU
		{6DFFF5E1-1B87-403B-99D0-A9E03D8A8EB3}.Debug|Any CPU.ActiveCfg = Debug|Any CPU
		{6DFFF5E1-1B87-403B-99D0-A9E03D8A8EB3}.Debug|Any CPU.Build.0 = Debug|Any CPU
		{6DFFF5E1-1B87-403B-99D0-A9E03D8A8EB3}.Debug|x64.ActiveCfg = Debug|Any CPU
		{6DFFF5E1-1B87-403B-99D0-A9E03D8A8EB3}.Debug|x64.Build.0 = Debug|Any CPU
		{6DFFF5E1-1B87-403B-99D0-A9E03D8A8EB3}.Debug|x86.ActiveCfg = Debug|Any CPU
		{6DFFF5E1-1B87-403B-99D0-A9E03D8A8EB3}.Debug|x86.Build.0 = Debug|Any CPU
		{6DFFF5E1-1B87-403B-99D0-A9E03D8A8EB3}.Release|Any CPU.ActiveCfg = Release|Any CPU
		{6DFFF5E1-1B87-403B-99D0-A9E03D8A8EB3}.Release|Any CPU.Build.0 = Release|Any CPU
		{6DFFF5E1-1B87-403B-99D0-A9E03D8A8EB3}.Release|x64.ActiveCfg = Release|Any CPU
		{6DFFF5E1-1B87-403B-99D0-A9E03D8A8EB3}.Release|x64.Build.0 = Release|Any CPU
		{6DFFF5E1-1B87-403B-99D0-A9E03D8A8EB3}.Release|x86.ActiveCfg = Release|Any CPU
		{6DFFF5E1-1B87-403B-99D0-A9E03D8A8EB3}.Release|x86.Build.0 = Release|Any CPU
		{1C724CD5-CD24-46CD-835A-A83F673F97B5}.Debug|Any CPU.ActiveCfg = Debug|Any CPU
		{1C724CD5-CD24-46CD-835A-A83F673F97B5}.Debug|Any CPU.Build.0 = Debug|Any CPU
		{1C724CD5-CD24-46CD-835A-A83F673F97B5}.Debug|x64.ActiveCfg = Debug|Any CPU
		{1C724CD5-CD24-46CD-835A-A83F673F97B5}.Debug|x64.Build.0 = Debug|Any CPU
		{1C724CD5-CD24-46CD-835A-A83F673F97B5}.Debug|x86.ActiveCfg = Debug|Any CPU
		{1C724CD5-CD24-46CD-835A-A83F673F97B5}.Debug|x86.Build.0 = Debug|Any CPU
		{1C724CD5-CD24-46CD-835A-A83F673F97B5}.Release|Any CPU.ActiveCfg = Release|Any CPU
		{1C724CD5-CD24-46CD-835A-A83F673F97B5}.Release|Any CPU.Build.0 = Release|Any CPU
		{1C724CD5-CD24-46CD-835A-A83F673F97B5}.Release|x64.ActiveCfg = Release|Any CPU
		{1C724CD5-CD24-46CD-835A-A83F673F97B5}.Release|x64.Build.0 = Release|Any CPU
		{1C724CD5-CD24-46CD-835A-A83F673F97B5}.Release|x86.ActiveCfg = Release|Any CPU
		{1C724CD5-CD24-46CD-835A-A83F673F97B5}.Release|x86.Build.0 = Release|Any CPU
		{970903E9-BC53-436F-BA77-C62349546425}.Debug|Any CPU.ActiveCfg = Debug|Any CPU
		{970903E9-BC53-436F-BA77-C62349546425}.Debug|Any CPU.Build.0 = Debug|Any CPU
		{970903E9-BC53-436F-BA77-C62349546425}.Debug|x64.ActiveCfg = Debug|Any CPU
		{970903E9-BC53-436F-BA77-C62349546425}.Debug|x64.Build.0 = Debug|Any CPU
		{970903E9-BC53-436F-BA77-C62349546425}.Debug|x86.ActiveCfg = Debug|Any CPU
		{970903E9-BC53-436F-BA77-C62349546425}.Debug|x86.Build.0 = Debug|Any CPU
		{970903E9-BC53-436F-BA77-C62349546425}.Release|Any CPU.ActiveCfg = Release|Any CPU
		{970903E9-BC53-436F-BA77-C62349546425}.Release|Any CPU.Build.0 = Release|Any CPU
		{970903E9-BC53-436F-BA77-C62349546425}.Release|x64.ActiveCfg = Release|Any CPU
		{970903E9-BC53-436F-BA77-C62349546425}.Release|x64.Build.0 = Release|Any CPU
		{970903E9-BC53-436F-BA77-C62349546425}.Release|x86.ActiveCfg = Release|Any CPU
		{970903E9-BC53-436F-BA77-C62349546425}.Release|x86.Build.0 = Release|Any CPU
		{AC8F04FF-3164-41FB-9EDF-E468B8B77837}.Debug|Any CPU.ActiveCfg = Debug|Any CPU
		{AC8F04FF-3164-41FB-9EDF-E468B8B77837}.Debug|Any CPU.Build.0 = Debug|Any CPU
		{AC8F04FF-3164-41FB-9EDF-E468B8B77837}.Debug|x64.ActiveCfg = Debug|Any CPU
		{AC8F04FF-3164-41FB-9EDF-E468B8B77837}.Debug|x64.Build.0 = Debug|Any CPU
		{AC8F04FF-3164-41FB-9EDF-E468B8B77837}.Debug|x86.ActiveCfg = Debug|Any CPU
		{AC8F04FF-3164-41FB-9EDF-E468B8B77837}.Debug|x86.Build.0 = Debug|Any CPU
		{AC8F04FF-3164-41FB-9EDF-E468B8B77837}.Release|Any CPU.ActiveCfg = Release|Any CPU
		{AC8F04FF-3164-41FB-9EDF-E468B8B77837}.Release|Any CPU.Build.0 = Release|Any CPU
		{AC8F04FF-3164-41FB-9EDF-E468B8B77837}.Release|x64.ActiveCfg = Release|Any CPU
		{AC8F04FF-3164-41FB-9EDF-E468B8B77837}.Release|x64.Build.0 = Release|Any CPU
		{AC8F04FF-3164-41FB-9EDF-E468B8B77837}.Release|x86.ActiveCfg = Release|Any CPU
		{AC8F04FF-3164-41FB-9EDF-E468B8B77837}.Release|x86.Build.0 = Release|Any CPU
		{5697DD19-62CC-4377-ABA8-1E192376F4F6}.Debug|Any CPU.ActiveCfg = Debug|Any CPU
		{5697DD19-62CC-4377-ABA8-1E192376F4F6}.Debug|Any CPU.Build.0 = Debug|Any CPU
		{5697DD19-62CC-4377-ABA8-1E192376F4F6}.Debug|x64.ActiveCfg = Debug|Any CPU
		{5697DD19-62CC-4377-ABA8-1E192376F4F6}.Debug|x64.Build.0 = Debug|Any CPU
		{5697DD19-62CC-4377-ABA8-1E192376F4F6}.Debug|x86.ActiveCfg = Debug|Any CPU
		{5697DD19-62CC-4377-ABA8-1E192376F4F6}.Debug|x86.Build.0 = Debug|Any CPU
		{5697DD19-62CC-4377-ABA8-1E192376F4F6}.Release|Any CPU.ActiveCfg = Release|Any CPU
		{5697DD19-62CC-4377-ABA8-1E192376F4F6}.Release|Any CPU.Build.0 = Release|Any CPU
		{5697DD19-62CC-4377-ABA8-1E192376F4F6}.Release|x64.ActiveCfg = Release|Any CPU
		{5697DD19-62CC-4377-ABA8-1E192376F4F6}.Release|x64.Build.0 = Release|Any CPU
		{5697DD19-62CC-4377-ABA8-1E192376F4F6}.Release|x86.ActiveCfg = Release|Any CPU
		{5697DD19-62CC-4377-ABA8-1E192376F4F6}.Release|x86.Build.0 = Release|Any CPU
		{1F4E301C-F03B-4A31-A6F2-6A77384A74DA}.Debug|Any CPU.ActiveCfg = Debug|Any CPU
		{1F4E301C-F03B-4A31-A6F2-6A77384A74DA}.Debug|Any CPU.Build.0 = Debug|Any CPU
		{1F4E301C-F03B-4A31-A6F2-6A77384A74DA}.Debug|x64.ActiveCfg = Debug|Any CPU
		{1F4E301C-F03B-4A31-A6F2-6A77384A74DA}.Debug|x64.Build.0 = Debug|Any CPU
		{1F4E301C-F03B-4A31-A6F2-6A77384A74DA}.Debug|x86.ActiveCfg = Debug|Any CPU
		{1F4E301C-F03B-4A31-A6F2-6A77384A74DA}.Debug|x86.Build.0 = Debug|Any CPU
		{1F4E301C-F03B-4A31-A6F2-6A77384A74DA}.Release|Any CPU.ActiveCfg = Release|Any CPU
		{1F4E301C-F03B-4A31-A6F2-6A77384A74DA}.Release|Any CPU.Build.0 = Release|Any CPU
		{1F4E301C-F03B-4A31-A6F2-6A77384A74DA}.Release|x64.ActiveCfg = Release|Any CPU
		{1F4E301C-F03B-4A31-A6F2-6A77384A74DA}.Release|x64.Build.0 = Release|Any CPU
		{1F4E301C-F03B-4A31-A6F2-6A77384A74DA}.Release|x86.ActiveCfg = Release|Any CPU
		{1F4E301C-F03B-4A31-A6F2-6A77384A74DA}.Release|x86.Build.0 = Release|Any CPU
		{412BF533-2759-4FBE-B4C6-B89DB44FB6B5}.Debug|Any CPU.ActiveCfg = Debug|Any CPU
		{412BF533-2759-4FBE-B4C6-B89DB44FB6B5}.Debug|Any CPU.Build.0 = Debug|Any CPU
		{412BF533-2759-4FBE-B4C6-B89DB44FB6B5}.Debug|x64.ActiveCfg = Debug|Any CPU
		{412BF533-2759-4FBE-B4C6-B89DB44FB6B5}.Debug|x64.Build.0 = Debug|Any CPU
		{412BF533-2759-4FBE-B4C6-B89DB44FB6B5}.Debug|x86.ActiveCfg = Debug|Any CPU
		{412BF533-2759-4FBE-B4C6-B89DB44FB6B5}.Debug|x86.Build.0 = Debug|Any CPU
		{412BF533-2759-4FBE-B4C6-B89DB44FB6B5}.Release|Any CPU.ActiveCfg = Release|Any CPU
		{412BF533-2759-4FBE-B4C6-B89DB44FB6B5}.Release|Any CPU.Build.0 = Release|Any CPU
		{412BF533-2759-4FBE-B4C6-B89DB44FB6B5}.Release|x64.ActiveCfg = Release|Any CPU
		{412BF533-2759-4FBE-B4C6-B89DB44FB6B5}.Release|x64.Build.0 = Release|Any CPU
		{412BF533-2759-4FBE-B4C6-B89DB44FB6B5}.Release|x86.ActiveCfg = Release|Any CPU
		{412BF533-2759-4FBE-B4C6-B89DB44FB6B5}.Release|x86.Build.0 = Release|Any CPU
		{5A83C636-741A-4795-8588-70F033E79B5A}.Debug|Any CPU.ActiveCfg = Debug|Any CPU
		{5A83C636-741A-4795-8588-70F033E79B5A}.Debug|Any CPU.Build.0 = Debug|Any CPU
		{5A83C636-741A-4795-8588-70F033E79B5A}.Debug|x64.ActiveCfg = Debug|Any CPU
		{5A83C636-741A-4795-8588-70F033E79B5A}.Debug|x64.Build.0 = Debug|Any CPU
		{5A83C636-741A-4795-8588-70F033E79B5A}.Debug|x86.ActiveCfg = Debug|Any CPU
		{5A83C636-741A-4795-8588-70F033E79B5A}.Debug|x86.Build.0 = Debug|Any CPU
		{5A83C636-741A-4795-8588-70F033E79B5A}.Release|Any CPU.ActiveCfg = Release|Any CPU
		{5A83C636-741A-4795-8588-70F033E79B5A}.Release|Any CPU.Build.0 = Release|Any CPU
		{5A83C636-741A-4795-8588-70F033E79B5A}.Release|x64.ActiveCfg = Release|Any CPU
		{5A83C636-741A-4795-8588-70F033E79B5A}.Release|x64.Build.0 = Release|Any CPU
		{5A83C636-741A-4795-8588-70F033E79B5A}.Release|x86.ActiveCfg = Release|Any CPU
		{5A83C636-741A-4795-8588-70F033E79B5A}.Release|x86.Build.0 = Release|Any CPU
		{BF7450E8-B3C5-46FB-BEC1-C5FC1C5964DC}.Debug|Any CPU.ActiveCfg = Debug|Any CPU
		{BF7450E8-B3C5-46FB-BEC1-C5FC1C5964DC}.Debug|Any CPU.Build.0 = Debug|Any CPU
		{BF7450E8-B3C5-46FB-BEC1-C5FC1C5964DC}.Debug|x64.ActiveCfg = Debug|Any CPU
		{BF7450E8-B3C5-46FB-BEC1-C5FC1C5964DC}.Debug|x64.Build.0 = Debug|Any CPU
		{BF7450E8-B3C5-46FB-BEC1-C5FC1C5964DC}.Debug|x86.ActiveCfg = Debug|Any CPU
		{BF7450E8-B3C5-46FB-BEC1-C5FC1C5964DC}.Debug|x86.Build.0 = Debug|Any CPU
		{BF7450E8-B3C5-46FB-BEC1-C5FC1C5964DC}.Release|Any CPU.ActiveCfg = Release|Any CPU
		{BF7450E8-B3C5-46FB-BEC1-C5FC1C5964DC}.Release|Any CPU.Build.0 = Release|Any CPU
		{BF7450E8-B3C5-46FB-BEC1-C5FC1C5964DC}.Release|x64.ActiveCfg = Release|Any CPU
		{BF7450E8-B3C5-46FB-BEC1-C5FC1C5964DC}.Release|x64.Build.0 = Release|Any CPU
		{BF7450E8-B3C5-46FB-BEC1-C5FC1C5964DC}.Release|x86.ActiveCfg = Release|Any CPU
		{BF7450E8-B3C5-46FB-BEC1-C5FC1C5964DC}.Release|x86.Build.0 = Release|Any CPU
		{08A82D74-0854-498F-9C74-E0A7242FE430}.Debug|Any CPU.ActiveCfg = Debug|Any CPU
		{08A82D74-0854-498F-9C74-E0A7242FE430}.Debug|Any CPU.Build.0 = Debug|Any CPU
		{08A82D74-0854-498F-9C74-E0A7242FE430}.Debug|x64.ActiveCfg = Debug|Any CPU
		{08A82D74-0854-498F-9C74-E0A7242FE430}.Debug|x64.Build.0 = Debug|Any CPU
		{08A82D74-0854-498F-9C74-E0A7242FE430}.Debug|x86.ActiveCfg = Debug|Any CPU
		{08A82D74-0854-498F-9C74-E0A7242FE430}.Debug|x86.Build.0 = Debug|Any CPU
		{08A82D74-0854-498F-9C74-E0A7242FE430}.Release|Any CPU.ActiveCfg = Release|Any CPU
		{08A82D74-0854-498F-9C74-E0A7242FE430}.Release|Any CPU.Build.0 = Release|Any CPU
		{08A82D74-0854-498F-9C74-E0A7242FE430}.Release|x64.ActiveCfg = Release|Any CPU
		{08A82D74-0854-498F-9C74-E0A7242FE430}.Release|x64.Build.0 = Release|Any CPU
		{08A82D74-0854-498F-9C74-E0A7242FE430}.Release|x86.ActiveCfg = Release|Any CPU
		{08A82D74-0854-498F-9C74-E0A7242FE430}.Release|x86.Build.0 = Release|Any CPU
		{3942CAF2-93CE-45BC-A734-3247D266ECE6}.Debug|Any CPU.ActiveCfg = Debug|Any CPU
		{3942CAF2-93CE-45BC-A734-3247D266ECE6}.Debug|Any CPU.Build.0 = Debug|Any CPU
		{3942CAF2-93CE-45BC-A734-3247D266ECE6}.Debug|x64.ActiveCfg = Debug|Any CPU
		{3942CAF2-93CE-45BC-A734-3247D266ECE6}.Debug|x64.Build.0 = Debug|Any CPU
		{3942CAF2-93CE-45BC-A734-3247D266ECE6}.Debug|x86.ActiveCfg = Debug|Any CPU
		{3942CAF2-93CE-45BC-A734-3247D266ECE6}.Debug|x86.Build.0 = Debug|Any CPU
		{3942CAF2-93CE-45BC-A734-3247D266ECE6}.Release|Any CPU.ActiveCfg = Release|Any CPU
		{3942CAF2-93CE-45BC-A734-3247D266ECE6}.Release|Any CPU.Build.0 = Release|Any CPU
		{3942CAF2-93CE-45BC-A734-3247D266ECE6}.Release|x64.ActiveCfg = Release|Any CPU
		{3942CAF2-93CE-45BC-A734-3247D266ECE6}.Release|x64.Build.0 = Release|Any CPU
		{3942CAF2-93CE-45BC-A734-3247D266ECE6}.Release|x86.ActiveCfg = Release|Any CPU
		{3942CAF2-93CE-45BC-A734-3247D266ECE6}.Release|x86.Build.0 = Release|Any CPU
		{4DB543FF-19CF-4FA8-B772-2AE7E6721F86}.Debug|Any CPU.ActiveCfg = Debug|Any CPU
		{4DB543FF-19CF-4FA8-B772-2AE7E6721F86}.Debug|Any CPU.Build.0 = Debug|Any CPU
		{4DB543FF-19CF-4FA8-B772-2AE7E6721F86}.Debug|x64.ActiveCfg = Debug|Any CPU
		{4DB543FF-19CF-4FA8-B772-2AE7E6721F86}.Debug|x64.Build.0 = Debug|Any CPU
		{4DB543FF-19CF-4FA8-B772-2AE7E6721F86}.Debug|x86.ActiveCfg = Debug|Any CPU
		{4DB543FF-19CF-4FA8-B772-2AE7E6721F86}.Debug|x86.Build.0 = Debug|Any CPU
		{4DB543FF-19CF-4FA8-B772-2AE7E6721F86}.Release|Any CPU.ActiveCfg = Release|Any CPU
		{4DB543FF-19CF-4FA8-B772-2AE7E6721F86}.Release|Any CPU.Build.0 = Release|Any CPU
		{4DB543FF-19CF-4FA8-B772-2AE7E6721F86}.Release|x64.ActiveCfg = Release|Any CPU
		{4DB543FF-19CF-4FA8-B772-2AE7E6721F86}.Release|x64.Build.0 = Release|Any CPU
		{4DB543FF-19CF-4FA8-B772-2AE7E6721F86}.Release|x86.ActiveCfg = Release|Any CPU
		{4DB543FF-19CF-4FA8-B772-2AE7E6721F86}.Release|x86.Build.0 = Release|Any CPU
	EndGlobalSection
	GlobalSection(SolutionProperties) = preSolution
		HideSolutionNode = FALSE
	EndGlobalSection
	GlobalSection(NestedProjects) = preSolution
		{6DFFF5E1-1B87-403B-99D0-A9E03D8A8EB3} = {5237F8A4-67F5-4751-B8B2-B93A06791480}
		{1C724CD5-CD24-46CD-835A-A83F673F97B5} = {5237F8A4-67F5-4751-B8B2-B93A06791480}
		{970903E9-BC53-436F-BA77-C62349546425} = {5237F8A4-67F5-4751-B8B2-B93A06791480}
		{AC8F04FF-3164-41FB-9EDF-E468B8B77837} = {5237F8A4-67F5-4751-B8B2-B93A06791480}
		{5697DD19-62CC-4377-ABA8-1E192376F4F6} = {5237F8A4-67F5-4751-B8B2-B93A06791480}
		{3D70B211-74A8-484C-9B86-B0A2835C71E7} = {F256F2A5-0DBF-4137-A7D6-21F08111BD4A}
		{1F4E301C-F03B-4A31-A6F2-6A77384A74DA} = {3D70B211-74A8-484C-9B86-B0A2835C71E7}
		{412BF533-2759-4FBE-B4C6-B89DB44FB6B5} = {3D70B211-74A8-484C-9B86-B0A2835C71E7}
		{04780892-FC30-4B6B-A10C-5795C657E574} = {F256F2A5-0DBF-4137-A7D6-21F08111BD4A}
		{5A83C636-741A-4795-8588-70F033E79B5A} = {04780892-FC30-4B6B-A10C-5795C657E574}
		{BF7450E8-B3C5-46FB-BEC1-C5FC1C5964DC} = {5237F8A4-67F5-4751-B8B2-B93A06791480}
		{08A82D74-0854-498F-9C74-E0A7242FE430} = {5237F8A4-67F5-4751-B8B2-B93A06791480}
		{3942CAF2-93CE-45BC-A734-3247D266ECE6} = {5237F8A4-67F5-4751-B8B2-B93A06791480}
		{4DB543FF-19CF-4FA8-B772-2AE7E6721F86} = {5237F8A4-67F5-4751-B8B2-B93A06791480}
	EndGlobalSection
	GlobalSection(ExtensibilityGlobals) = postSolution
		SolutionGuid = {3433C5DD-DC49-4A96-A1AE-90C1A1EBA87C}
	EndGlobalSection
EndGlobal
