
Microsoft Visual Studio Solution File, Format Version 12.00
# Visual Studio Version 16
VisualStudioVersion = 16.0.29728.190
MinimumVisualStudioVersion = 15.0.26124.0
Project("{9A19103F-16F7-4668-BE54-9A1E7A4F7556}") = "Pims.Api", "api\Pims.Api.csproj", "{16BC0468-78F6-4C91-87DA-7403C919E646}"
EndProject
Project("{9A19103F-16F7-4668-BE54-9A1E7A4F7556}") = "Pims.Api.Test", "test\Pims.Api.Test.csproj", "{19A6829C-20D8-4F66-9889-55C553ACE2B2}"
EndProject
Project("{9A19103F-16F7-4668-BE54-9A1E7A4F7556}") = "Pims.Dal", "dal\Pims.Dal.csproj", "{6DFFF5E1-1B87-403B-99D0-A9E03D8A8EB3}"
EndProject
Project("{9A19103F-16F7-4668-BE54-9A1E7A4F7556}") = "Pims.Dal.Entities", "entities\Pims.Dal.Entities.csproj", "{1C724CD5-CD24-46CD-835A-A83F673F97B5}"
EndProject
Project("{9A19103F-16F7-4668-BE54-9A1E7A4F7556}") = "Pims.Keycloak", "keycloak\Pims.Keycloak.csproj", "{970903E9-BC53-436F-BA77-C62349546425}"
EndProject
Project("{9A19103F-16F7-4668-BE54-9A1E7A4F7556}") = "Pims.Core", "core\Pims.Core.csproj", "{768D5D0A-A3B7-4599-B5CF-E32FC407AD9A}"
EndProject
Project("{9A19103F-16F7-4668-BE54-9A1E7A4F7556}") = "Pims.Dal.Keycloak", "dal.keycloak\Pims.Dal.Keycloak.csproj", "{5697DD19-62CC-4377-ABA8-1E192376F4F6}"
EndProject
Project("{2150E333-8FDC-42A3-9474-1A3956D46DE8}") = "root", "root", "{8D3E4CB2-41D6-4AA6-B9E4-CFCAB0E2F5BC}"
	ProjectSection(SolutionItems) = preProject
		.dockerignore = .dockerignore
		.editorconfig = .editorconfig
		.gitignore = .gitignore
		Dockerfile = Dockerfile
		Dockerfile.bak = Dockerfile.bak
		entrypoint.sh = entrypoint.sh
		README.md = README.md
	EndProjectSection
EndProject
Project("{2150E333-8FDC-42A3-9474-1A3956D46DE8}") = "libraries", "libraries", "{5237F8A4-67F5-4751-B8B2-B93A06791480}"
EndProject
Project("{2150E333-8FDC-42A3-9474-1A3956D46DE8}") = "docs", "docs", "{A0343C94-486E-4A06-9A64-0584D20A4728}"
	ProjectSection(SolutionItems) = preProject
		docs\API.md = docs\API.md
		docs\DAL.md = docs\DAL.md
		docs\DATABASE.md = docs\DATABASE.md
		docs\SETUP.md = docs\SETUP.md
		docs\TOOLS.md = docs\TOOLS.md
		docs\VERSIONING.md = docs\VERSIONING.md
	EndProjectSection
EndProject
Project("{2150E333-8FDC-42A3-9474-1A3956D46DE8}") = "tests", "tests", "{F256F2A5-0DBF-4137-A7D6-21F08111BD4A}"
EndProject
Global
	GlobalSection(SolutionConfigurationPlatforms) = preSolution
		Debug|Any CPU = Debug|Any CPU
		Debug|x64 = Debug|x64
		Debug|x86 = Debug|x86
		Release|Any CPU = Release|Any CPU
		Release|x64 = Release|x64
		Release|x86 = Release|x86
	EndGlobalSection
	GlobalSection(ProjectConfigurationPlatforms) = postSolution
		{16BC0468-78F6-4C91-87DA-7403C919E646}.Debug|Any CPU.ActiveCfg = Debug|Any CPU
		{16BC0468-78F6-4C91-87DA-7403C919E646}.Debug|Any CPU.Build.0 = Debug|Any CPU
		{16BC0468-78F6-4C91-87DA-7403C919E646}.Debug|x64.ActiveCfg = Debug|Any CPU
		{16BC0468-78F6-4C91-87DA-7403C919E646}.Debug|x64.Build.0 = Debug|Any CPU
		{16BC0468-78F6-4C91-87DA-7403C919E646}.Debug|x86.ActiveCfg = Debug|Any CPU
		{16BC0468-78F6-4C91-87DA-7403C919E646}.Debug|x86.Build.0 = Debug|Any CPU
		{16BC0468-78F6-4C91-87DA-7403C919E646}.Release|Any CPU.ActiveCfg = Release|Any CPU
		{16BC0468-78F6-4C91-87DA-7403C919E646}.Release|Any CPU.Build.0 = Release|Any CPU
		{16BC0468-78F6-4C91-87DA-7403C919E646}.Release|x64.ActiveCfg = Release|Any CPU
		{16BC0468-78F6-4C91-87DA-7403C919E646}.Release|x64.Build.0 = Release|Any CPU
		{16BC0468-78F6-4C91-87DA-7403C919E646}.Release|x86.ActiveCfg = Release|Any CPU
		{16BC0468-78F6-4C91-87DA-7403C919E646}.Release|x86.Build.0 = Release|Any CPU
		{19A6829C-20D8-4F66-9889-55C553ACE2B2}.Debug|Any CPU.ActiveCfg = Debug|Any CPU
		{19A6829C-20D8-4F66-9889-55C553ACE2B2}.Debug|Any CPU.Build.0 = Debug|Any CPU
		{19A6829C-20D8-4F66-9889-55C553ACE2B2}.Debug|x64.ActiveCfg = Debug|Any CPU
		{19A6829C-20D8-4F66-9889-55C553ACE2B2}.Debug|x64.Build.0 = Debug|Any CPU
		{19A6829C-20D8-4F66-9889-55C553ACE2B2}.Debug|x86.ActiveCfg = Debug|Any CPU
		{19A6829C-20D8-4F66-9889-55C553ACE2B2}.Debug|x86.Build.0 = Debug|Any CPU
		{19A6829C-20D8-4F66-9889-55C553ACE2B2}.Release|Any CPU.ActiveCfg = Release|Any CPU
		{19A6829C-20D8-4F66-9889-55C553ACE2B2}.Release|Any CPU.Build.0 = Release|Any CPU
		{19A6829C-20D8-4F66-9889-55C553ACE2B2}.Release|x64.ActiveCfg = Release|Any CPU
		{19A6829C-20D8-4F66-9889-55C553ACE2B2}.Release|x64.Build.0 = Release|Any CPU
		{19A6829C-20D8-4F66-9889-55C553ACE2B2}.Release|x86.ActiveCfg = Release|Any CPU
		{19A6829C-20D8-4F66-9889-55C553ACE2B2}.Release|x86.Build.0 = Release|Any CPU
		{6DFFF5E1-1B87-403B-99D0-A9E03D8A8EB3}.Debug|Any CPU.ActiveCfg = Debug|Any CPU
		{6DFFF5E1-1B87-403B-99D0-A9E03D8A8EB3}.Debug|Any CPU.Build.0 = Debug|Any CPU
		{6DFFF5E1-1B87-403B-99D0-A9E03D8A8EB3}.Debug|x64.ActiveCfg = Debug|Any CPU
		{6DFFF5E1-1B87-403B-99D0-A9E03D8A8EB3}.Debug|x64.Build.0 = Debug|Any CPU
		{6DFFF5E1-1B87-403B-99D0-A9E03D8A8EB3}.Debug|x86.ActiveCfg = Debug|Any CPU
		{6DFFF5E1-1B87-403B-99D0-A9E03D8A8EB3}.Debug|x86.Build.0 = Debug|Any CPU
		{6DFFF5E1-1B87-403B-99D0-A9E03D8A8EB3}.Release|Any CPU.ActiveCfg = Release|Any CPU
		{6DFFF5E1-1B87-403B-99D0-A9E03D8A8EB3}.Release|Any CPU.Build.0 = Release|Any CPU
		{6DFFF5E1-1B87-403B-99D0-A9E03D8A8EB3}.Release|x64.ActiveCfg = Release|Any CPU
		{6DFFF5E1-1B87-403B-99D0-A9E03D8A8EB3}.Release|x64.Build.0 = Release|Any CPU
		{6DFFF5E1-1B87-403B-99D0-A9E03D8A8EB3}.Release|x86.ActiveCfg = Release|Any CPU
		{6DFFF5E1-1B87-403B-99D0-A9E03D8A8EB3}.Release|x86.Build.0 = Release|Any CPU
		{1C724CD5-CD24-46CD-835A-A83F673F97B5}.Debug|Any CPU.ActiveCfg = Debug|Any CPU
		{1C724CD5-CD24-46CD-835A-A83F673F97B5}.Debug|Any CPU.Build.0 = Debug|Any CPU
		{1C724CD5-CD24-46CD-835A-A83F673F97B5}.Debug|x64.ActiveCfg = Debug|Any CPU
		{1C724CD5-CD24-46CD-835A-A83F673F97B5}.Debug|x64.Build.0 = Debug|Any CPU
		{1C724CD5-CD24-46CD-835A-A83F673F97B5}.Debug|x86.ActiveCfg = Debug|Any CPU
		{1C724CD5-CD24-46CD-835A-A83F673F97B5}.Debug|x86.Build.0 = Debug|Any CPU
		{1C724CD5-CD24-46CD-835A-A83F673F97B5}.Release|Any CPU.ActiveCfg = Release|Any CPU
		{1C724CD5-CD24-46CD-835A-A83F673F97B5}.Release|Any CPU.Build.0 = Release|Any CPU
		{1C724CD5-CD24-46CD-835A-A83F673F97B5}.Release|x64.ActiveCfg = Release|Any CPU
		{1C724CD5-CD24-46CD-835A-A83F673F97B5}.Release|x64.Build.0 = Release|Any CPU
		{1C724CD5-CD24-46CD-835A-A83F673F97B5}.Release|x86.ActiveCfg = Release|Any CPU
		{1C724CD5-CD24-46CD-835A-A83F673F97B5}.Release|x86.Build.0 = Release|Any CPU
		{970903E9-BC53-436F-BA77-C62349546425}.Debug|Any CPU.ActiveCfg = Debug|Any CPU
		{970903E9-BC53-436F-BA77-C62349546425}.Debug|Any CPU.Build.0 = Debug|Any CPU
		{970903E9-BC53-436F-BA77-C62349546425}.Debug|x64.ActiveCfg = Debug|Any CPU
		{970903E9-BC53-436F-BA77-C62349546425}.Debug|x64.Build.0 = Debug|Any CPU
		{970903E9-BC53-436F-BA77-C62349546425}.Debug|x86.ActiveCfg = Debug|Any CPU
		{970903E9-BC53-436F-BA77-C62349546425}.Debug|x86.Build.0 = Debug|Any CPU
		{970903E9-BC53-436F-BA77-C62349546425}.Release|Any CPU.ActiveCfg = Release|Any CPU
		{970903E9-BC53-436F-BA77-C62349546425}.Release|Any CPU.Build.0 = Release|Any CPU
		{970903E9-BC53-436F-BA77-C62349546425}.Release|x64.ActiveCfg = Release|Any CPU
		{970903E9-BC53-436F-BA77-C62349546425}.Release|x64.Build.0 = Release|Any CPU
		{970903E9-BC53-436F-BA77-C62349546425}.Release|x86.ActiveCfg = Release|Any CPU
		{970903E9-BC53-436F-BA77-C62349546425}.Release|x86.Build.0 = Release|Any CPU
		{768D5D0A-A3B7-4599-B5CF-E32FC407AD9A}.Debug|Any CPU.ActiveCfg = Debug|Any CPU
		{768D5D0A-A3B7-4599-B5CF-E32FC407AD9A}.Debug|Any CPU.Build.0 = Debug|Any CPU
		{768D5D0A-A3B7-4599-B5CF-E32FC407AD9A}.Debug|x64.ActiveCfg = Debug|Any CPU
		{768D5D0A-A3B7-4599-B5CF-E32FC407AD9A}.Debug|x64.Build.0 = Debug|Any CPU
		{768D5D0A-A3B7-4599-B5CF-E32FC407AD9A}.Debug|x86.ActiveCfg = Debug|Any CPU
		{768D5D0A-A3B7-4599-B5CF-E32FC407AD9A}.Debug|x86.Build.0 = Debug|Any CPU
		{768D5D0A-A3B7-4599-B5CF-E32FC407AD9A}.Release|Any CPU.ActiveCfg = Release|Any CPU
		{768D5D0A-A3B7-4599-B5CF-E32FC407AD9A}.Release|Any CPU.Build.0 = Release|Any CPU
		{768D5D0A-A3B7-4599-B5CF-E32FC407AD9A}.Release|x64.ActiveCfg = Release|Any CPU
		{768D5D0A-A3B7-4599-B5CF-E32FC407AD9A}.Release|x64.Build.0 = Release|Any CPU
		{768D5D0A-A3B7-4599-B5CF-E32FC407AD9A}.Release|x86.ActiveCfg = Release|Any CPU
		{768D5D0A-A3B7-4599-B5CF-E32FC407AD9A}.Release|x86.Build.0 = Release|Any CPU
		{5697DD19-62CC-4377-ABA8-1E192376F4F6}.Debug|Any CPU.ActiveCfg = Debug|Any CPU
		{5697DD19-62CC-4377-ABA8-1E192376F4F6}.Debug|Any CPU.Build.0 = Debug|Any CPU
		{5697DD19-62CC-4377-ABA8-1E192376F4F6}.Debug|x64.ActiveCfg = Debug|Any CPU
		{5697DD19-62CC-4377-ABA8-1E192376F4F6}.Debug|x64.Build.0 = Debug|Any CPU
		{5697DD19-62CC-4377-ABA8-1E192376F4F6}.Debug|x86.ActiveCfg = Debug|Any CPU
		{5697DD19-62CC-4377-ABA8-1E192376F4F6}.Debug|x86.Build.0 = Debug|Any CPU
		{5697DD19-62CC-4377-ABA8-1E192376F4F6}.Release|Any CPU.ActiveCfg = Release|Any CPU
		{5697DD19-62CC-4377-ABA8-1E192376F4F6}.Release|Any CPU.Build.0 = Release|Any CPU
		{5697DD19-62CC-4377-ABA8-1E192376F4F6}.Release|x64.ActiveCfg = Release|Any CPU
		{5697DD19-62CC-4377-ABA8-1E192376F4F6}.Release|x64.Build.0 = Release|Any CPU
		{5697DD19-62CC-4377-ABA8-1E192376F4F6}.Release|x86.ActiveCfg = Release|Any CPU
		{5697DD19-62CC-4377-ABA8-1E192376F4F6}.Release|x86.Build.0 = Release|Any CPU
	EndGlobalSection
	GlobalSection(SolutionProperties) = preSolution
		HideSolutionNode = FALSE
	EndGlobalSection
	GlobalSection(NestedProjects) = preSolution
		{19A6829C-20D8-4F66-9889-55C553ACE2B2} = {F256F2A5-0DBF-4137-A7D6-21F08111BD4A}
		{6DFFF5E1-1B87-403B-99D0-A9E03D8A8EB3} = {5237F8A4-67F5-4751-B8B2-B93A06791480}
		{1C724CD5-CD24-46CD-835A-A83F673F97B5} = {5237F8A4-67F5-4751-B8B2-B93A06791480}
		{970903E9-BC53-436F-BA77-C62349546425} = {5237F8A4-67F5-4751-B8B2-B93A06791480}
		{768D5D0A-A3B7-4599-B5CF-E32FC407AD9A} = {5237F8A4-67F5-4751-B8B2-B93A06791480}
		{5697DD19-62CC-4377-ABA8-1E192376F4F6} = {5237F8A4-67F5-4751-B8B2-B93A06791480}
	EndGlobalSection
	GlobalSection(ExtensibilityGlobals) = postSolution
		SolutionGuid = {3433C5DD-DC49-4A96-A1AE-90C1A1EBA87C}
	EndGlobalSection
EndGlobal
