
Microsoft Visual Studio Solution File, Format Version 12.00
# Visual Studio Version 16
VisualStudioVersion = 16.0.30104.148
MinimumVisualStudioVersion = 10.0.40219.1
Project("{9A19103F-16F7-4668-BE54-9A1E7A4F7556}") = "Pims.Tools.Converters.ExcelConverter", "Pims.Tools.Converters.ExcelConverter.csproj", "{61EB1AB8-3717-4A1E-B64F-EF0E36D8081D}"
EndProject
Project("{9A19103F-16F7-4668-BE54-9A1E7A4F7556}") = "Pims.Core", "..\..\..\backend\core\Pims.Core.csproj", "{AC8F04FF-3164-41FB-9EDF-E468B8B77837}"
EndProject
Project("{9A19103F-16F7-4668-BE54-9A1E7A4F7556}") = "Pims.Geocoder", "..\..\..\backend\geocoder\Pims.Geocoder.csproj", "{BF7450E8-B3C5-46FB-BEC1-C5FC1C5964DC}"
EndProject
Global
	GlobalSection(SolutionConfigurationPlatforms) = preSolution
		Debug|Any CPU = Debug|Any CPU
		Release|Any CPU = Release|Any CPU
	EndGlobalSection
	GlobalSection(ProjectConfigurationPlatforms) = postSolution
		{61EB1AB8-3717-4A1E-B64F-EF0E36D8081D}.Debug|Any CPU.ActiveCfg = Debug|Any CPU
		{61EB1AB8-3717-4A1E-B64F-EF0E36D8081D}.Debug|Any CPU.Build.0 = Debug|Any CPU
		{61EB1AB8-3717-4A1E-B64F-EF0E36D8081D}.Release|Any CPU.ActiveCfg = Release|Any CPU
		{61EB1AB8-3717-4A1E-B64F-EF0E36D8081D}.Release|Any CPU.Build.0 = Release|Any CPU
		{AC8F04FF-3164-41FB-9EDF-E468B8B77837}.Debug|Any CPU.ActiveCfg = Debug|Any CPU
		{AC8F04FF-3164-41FB-9EDF-E468B8B77837}.Debug|Any CPU.Build.0 = Debug|Any CPU
		{AC8F04FF-3164-41FB-9EDF-E468B8B77837}.Release|Any CPU.ActiveCfg = Release|Any CPU
		{AC8F04FF-3164-41FB-9EDF-E468B8B77837}.Release|Any CPU.Build.0 = Release|Any CPU
		{BF7450E8-B3C5-46FB-BEC1-C5FC1C5964DC}.Debug|Any CPU.ActiveCfg = Debug|Any CPU
		{BF7450E8-B3C5-46FB-BEC1-C5FC1C5964DC}.Debug|Any CPU.Build.0 = Debug|Any CPU
		{BF7450E8-B3C5-46FB-BEC1-C5FC1C5964DC}.Release|Any CPU.ActiveCfg = Release|Any CPU
		{BF7450E8-B3C5-46FB-BEC1-C5FC1C5964DC}.Release|Any CPU.Build.0 = Release|Any CPU
	EndGlobalSection
	GlobalSection(SolutionProperties) = preSolution
		HideSolutionNode = FALSE
	EndGlobalSection
	GlobalSection(ExtensibilityGlobals) = postSolution
		SolutionGuid = {1BE7DC3B-5F28-4C50-A060-7DB62A2DE14C}
	EndGlobalSection
EndGlobal
